
Microsoft Visual Studio Solution File, Format Version 12.00
# Visual Studio Version 17
VisualStudioVersion = 17.4.33403.182
MinimumVisualStudioVersion = 10.0.40219.1
Project("{9A19103F-16F7-4668-BE54-9A1E7A4F7556}") = "ChessBoardGUIApp", "ChessBoardGUIApp\ChessBoardGUIApp.csproj", "{22E2B173-BE74-4A2D-ADE6-6D02657C5192}"
EndProject
Project("{9A19103F-16F7-4668-BE54-9A1E7A4F7556}") = "ChessBoardModel", "ChessBoardModel\ChessBoardModel.csproj", "{A5FD5150-100E-46D6-93CE-DCD5881B10CC}"
EndProject
Global
	GlobalSection(SolutionConfigurationPlatforms) = preSolution
		Debug|Any CPU = Debug|Any CPU
		Release|Any CPU = Release|Any CPU
	EndGlobalSection
	GlobalSection(ProjectConfigurationPlatforms) = postSolution
		{22E2B173-BE74-4A2D-ADE6-6D02657C5192}.Debug|Any CPU.ActiveCfg = Debug|Any CPU
		{22E2B173-BE74-4A2D-ADE6-6D02657C5192}.Debug|Any CPU.Build.0 = Debug|Any CPU
		{22E2B173-BE74-4A2D-ADE6-6D02657C5192}.Release|Any CPU.ActiveCfg = Release|Any CPU
		{22E2B173-BE74-4A2D-ADE6-6D02657C5192}.Release|Any CPU.Build.0 = Release|Any CPU
		{A5FD5150-100E-46D6-93CE-DCD5881B10CC}.Debug|Any CPU.ActiveCfg = Debug|Any CPU
		{A5FD5150-100E-46D6-93CE-DCD5881B10CC}.Debug|Any CPU.Build.0 = Debug|Any CPU
		{A5FD5150-100E-46D6-93CE-DCD5881B10CC}.Release|Any CPU.ActiveCfg = Release|Any CPU
		{A5FD5150-100E-46D6-93CE-DCD5881B10CC}.Release|Any CPU.Build.0 = Release|Any CPU
	EndGlobalSection
	GlobalSection(SolutionProperties) = preSolution
		HideSolutionNode = FALSE
	EndGlobalSection
	GlobalSection(ExtensibilityGlobals) = postSolution
		SolutionGuid = {E4ED3F12-A37B-44DE-A942-D5649FF5D24B}
	EndGlobalSection
EndGlobal
