
Microsoft Visual Studio Solution File, Format Version 12.00
# Visual Studio Version 17
VisualStudioVersion = 17.4.33403.182
MinimumVisualStudioVersion = 10.0.40219.1
Project("{9A19103F-16F7-4668-BE54-9A1E7A4F7556}") = "CarShopGUI", "CarShopGUI\CarShopGUI.csproj", "{A2D35772-0C4E-4832-9A72-3E924227BEC5}"
EndProject
Project("{9A19103F-16F7-4668-BE54-9A1E7A4F7556}") = "CarsClassLibrary", "CarsClassLibrary\CarsClassLibrary.csproj", "{B23DFAF3-3065-4567-9EEB-C8C49BB7C246}"
EndProject
Global
	GlobalSection(SolutionConfigurationPlatforms) = preSolution
		Debug|Any CPU = Debug|Any CPU
		Release|Any CPU = Release|Any CPU
	EndGlobalSection
	GlobalSection(ProjectConfigurationPlatforms) = postSolution
		{A2D35772-0C4E-4832-9A72-3E924227BEC5}.Debug|Any CPU.ActiveCfg = Debug|Any CPU
		{A2D35772-0C4E-4832-9A72-3E924227BEC5}.Debug|Any CPU.Build.0 = Debug|Any CPU
		{A2D35772-0C4E-4832-9A72-3E924227BEC5}.Release|Any CPU.ActiveCfg = Release|Any CPU
		{A2D35772-0C4E-4832-9A72-3E924227BEC5}.Release|Any CPU.Build.0 = Release|Any CPU
		{B23DFAF3-3065-4567-9EEB-C8C49BB7C246}.Debug|Any CPU.ActiveCfg = Debug|Any CPU
		{B23DFAF3-3065-4567-9EEB-C8C49BB7C246}.Debug|Any CPU.Build.0 = Debug|Any CPU
		{B23DFAF3-3065-4567-9EEB-C8C49BB7C246}.Release|Any CPU.ActiveCfg = Release|Any CPU
		{B23DFAF3-3065-4567-9EEB-C8C49BB7C246}.Release|Any CPU.Build.0 = Release|Any CPU
	EndGlobalSection
	GlobalSection(SolutionProperties) = preSolution
		HideSolutionNode = FALSE
	EndGlobalSection
	GlobalSection(ExtensibilityGlobals) = postSolution
		SolutionGuid = {4EA97DEF-28D8-44A0-A231-AEC7EB677E64}
	EndGlobalSection
EndGlobal
